
Microsoft Visual Studio Solution File, Format Version 12.00
# Visual Studio Version 17
VisualStudioVersion = 17.8.34330.188
MinimumVisualStudioVersion = 10.0.40219.1
Project("{FAE04EC0-301F-11D3-BF4B-00C04F79EFBC}") = "randomCurseWordGenerator", "randomCurseWordGenerator\randomCurseWordGenerator.csproj", "{121E5A96-DF53-49E9-9E0E-B5FC4C991865}"
EndProject
Global
	GlobalSection(SolutionConfigurationPlatforms) = preSolution
		Debug|Any CPU = Debug|Any CPU
		Release|Any CPU = Release|Any CPU
	EndGlobalSection
	GlobalSection(ProjectConfigurationPlatforms) = postSolution
		{121E5A96-DF53-49E9-9E0E-B5FC4C991865}.Debug|Any CPU.ActiveCfg = Debug|Any CPU
		{121E5A96-DF53-49E9-9E0E-B5FC4C991865}.Debug|Any CPU.Build.0 = Debug|Any CPU
		{121E5A96-DF53-49E9-9E0E-B5FC4C991865}.Release|Any CPU.ActiveCfg = Release|Any CPU
		{121E5A96-DF53-49E9-9E0E-B5FC4C991865}.Release|Any CPU.Build.0 = Release|Any CPU
	EndGlobalSection
	GlobalSection(SolutionProperties) = preSolution
		HideSolutionNode = FALSE
	EndGlobalSection
	GlobalSection(ExtensibilityGlobals) = postSolution
		SolutionGuid = {8798F543-7161-4456-B669-608D299F21E6}
	EndGlobalSection
EndGlobal
