
Microsoft Visual Studio Solution File, Format Version 12.00
# Visual Studio Version 17
VisualStudioVersion = 17.8.34330.188
MinimumVisualStudioVersion = 10.0.40219.1
Project("{FAE04EC0-301F-11D3-BF4B-00C04F79EFBC}") = "madLibs", "madLibs\madLibs.csproj", "{75C5BF91-D485-4240-A34E-A5BB5DA18846}"
EndProject
Global
	GlobalSection(SolutionConfigurationPlatforms) = preSolution
		Debug|Any CPU = Debug|Any CPU
		Release|Any CPU = Release|Any CPU
	EndGlobalSection
	GlobalSection(ProjectConfigurationPlatforms) = postSolution
		{75C5BF91-D485-4240-A34E-A5BB5DA18846}.Debug|Any CPU.ActiveCfg = Debug|Any CPU
		{75C5BF91-D485-4240-A34E-A5BB5DA18846}.Debug|Any CPU.Build.0 = Debug|Any CPU
		{75C5BF91-D485-4240-A34E-A5BB5DA18846}.Release|Any CPU.ActiveCfg = Debug|Any CPU
		{75C5BF91-D485-4240-A34E-A5BB5DA18846}.Release|Any CPU.Build.0 = Debug|Any CPU
	EndGlobalSection
	GlobalSection(SolutionProperties) = preSolution
		HideSolutionNode = FALSE
	EndGlobalSection
	GlobalSection(ExtensibilityGlobals) = postSolution
		SolutionGuid = {91C61B3B-7F57-4E56-8D1D-6E1033EC0358}
	EndGlobalSection
EndGlobal
